
Microsoft Visual Studio Solution File, Format Version 12.00
# Visual Studio Version 16
VisualStudioVersion = 16.0.30114.105
MinimumVisualStudioVersion = 10.0.40219.1
Project("{FAE04EC0-301F-11D3-BF4B-00C04F79EFBC}") = "Zinkova_Term_Console", "Zinkova_Term_Console.csproj", "{7719CA59-6514-4493-98D7-460D5BD8E3DE}"
EndProject
Project("{FAE04EC0-301F-11D3-BF4B-00C04F79EFBC}") = "Hospital_Lib", "..\Hospital_Lib\Hospital_Lib.csproj", "{3ED1166D-9E4E-4B71-B285-DC919ACD788C}"
EndProject
Global
	GlobalSection(SolutionConfigurationPlatforms) = preSolution
		Debug|Any CPU = Debug|Any CPU
		Release|Any CPU = Release|Any CPU
	EndGlobalSection
	GlobalSection(ProjectConfigurationPlatforms) = postSolution
		{7719CA59-6514-4493-98D7-460D5BD8E3DE}.Debug|Any CPU.ActiveCfg = Debug|Any CPU
		{7719CA59-6514-4493-98D7-460D5BD8E3DE}.Debug|Any CPU.Build.0 = Debug|Any CPU
		{7719CA59-6514-4493-98D7-460D5BD8E3DE}.Release|Any CPU.ActiveCfg = Release|Any CPU
		{7719CA59-6514-4493-98D7-460D5BD8E3DE}.Release|Any CPU.Build.0 = Release|Any CPU
		{3ED1166D-9E4E-4B71-B285-DC919ACD788C}.Debug|Any CPU.ActiveCfg = Debug|Any CPU
		{3ED1166D-9E4E-4B71-B285-DC919ACD788C}.Debug|Any CPU.Build.0 = Debug|Any CPU
		{3ED1166D-9E4E-4B71-B285-DC919ACD788C}.Release|Any CPU.ActiveCfg = Release|Any CPU
		{3ED1166D-9E4E-4B71-B285-DC919ACD788C}.Release|Any CPU.Build.0 = Release|Any CPU
	EndGlobalSection
	GlobalSection(SolutionProperties) = preSolution
		HideSolutionNode = FALSE
	EndGlobalSection
	GlobalSection(ExtensibilityGlobals) = postSolution
		SolutionGuid = {1FFFDCA8-36B7-4895-BAE6-9EE5C093F6D8}
	EndGlobalSection
EndGlobal
